
Microsoft Visual Studio Solution File, Format Version 12.00
# Visual Studio Version 17
VisualStudioVersion = 17.10.35122.118
MinimumVisualStudioVersion = 10.0.40219.1
Project("{FAE04EC0-301F-11D3-BF4B-00C04F79EFBC}") = "FcmsPortal", "FcmsPortal.csproj", "{A668BFB1-06C6-44A5-9ABD-5D2A0943ABDC}"
EndProject
Global
	GlobalSection(SolutionConfigurationPlatforms) = preSolution
		Debug|Any CPU = Debug|Any CPU
		Release|Any CPU = Release|Any CPU
	EndGlobalSection
	GlobalSection(ProjectConfigurationPlatforms) = postSolution
		{A668BFB1-06C6-44A5-9ABD-5D2A0943ABDC}.Debug|Any CPU.ActiveCfg = Debug|Any CPU
		{A668BFB1-06C6-44A5-9ABD-5D2A0943ABDC}.Debug|Any CPU.Build.0 = Debug|Any CPU
		{A668BFB1-06C6-44A5-9ABD-5D2A0943ABDC}.Release|Any CPU.ActiveCfg = Release|Any CPU
		{A668BFB1-06C6-44A5-9ABD-5D2A0943ABDC}.Release|Any CPU.Build.0 = Release|Any CPU
	EndGlobalSection
	GlobalSection(SolutionProperties) = preSolution
		HideSolutionNode = FALSE
	EndGlobalSection
	GlobalSection(ExtensibilityGlobals) = postSolution
		SolutionGuid = {D11E69F9-D78A-43E9-A287-C1942EA29C0C}
	EndGlobalSection
EndGlobal
